
Microsoft Visual Studio Solution File, Format Version 12.00
# Visual Studio 15
VisualStudioVersion = 15.0.26730.16
MinimumVisualStudioVersion = 10.0.40219.1
Project("{FAE04EC0-301F-11D3-BF4B-00C04F79EFBC}") = "Cars", "Cars\Cars.csproj", "{CDA4350F-55FB-4DCE-B7CF-0B3EF29C7A9D}"
EndProject
Project("{FAE04EC0-301F-11D3-BF4B-00C04F79EFBC}") = "Races", "Races\Races.csproj", "{46BEDF0F-1611-4C27-B17B-BC9768370382}"
EndProject
Project("{FAE04EC0-301F-11D3-BF4B-00C04F79EFBC}") = "Garage", "Garage\Garage.csproj", "{DA4F9406-232D-48F5-A543-B04351475E98}"
EndProject
Project("{FAE04EC0-301F-11D3-BF4B-00C04F79EFBC}") = "Core", "Core\Core.csproj", "{B062A00A-8CC3-4D19-A26A-EA36A14D9273}"
EndProject
Project("{FAE04EC0-301F-11D3-BF4B-00C04F79EFBC}") = "Test", "Test\Test.csproj", "{B2B7EE8D-07F1-4E33-81F7-9E07B52BB146}"
EndProject
Global
	GlobalSection(SolutionConfigurationPlatforms) = preSolution
		Debug|Any CPU = Debug|Any CPU
		Release|Any CPU = Release|Any CPU
	EndGlobalSection
	GlobalSection(ProjectConfigurationPlatforms) = postSolution
		{CDA4350F-55FB-4DCE-B7CF-0B3EF29C7A9D}.Debug|Any CPU.ActiveCfg = Debug|Any CPU
		{CDA4350F-55FB-4DCE-B7CF-0B3EF29C7A9D}.Debug|Any CPU.Build.0 = Debug|Any CPU
		{CDA4350F-55FB-4DCE-B7CF-0B3EF29C7A9D}.Release|Any CPU.ActiveCfg = Release|Any CPU
		{CDA4350F-55FB-4DCE-B7CF-0B3EF29C7A9D}.Release|Any CPU.Build.0 = Release|Any CPU
		{46BEDF0F-1611-4C27-B17B-BC9768370382}.Debug|Any CPU.ActiveCfg = Debug|Any CPU
		{46BEDF0F-1611-4C27-B17B-BC9768370382}.Debug|Any CPU.Build.0 = Debug|Any CPU
		{46BEDF0F-1611-4C27-B17B-BC9768370382}.Release|Any CPU.ActiveCfg = Release|Any CPU
		{46BEDF0F-1611-4C27-B17B-BC9768370382}.Release|Any CPU.Build.0 = Release|Any CPU
		{DA4F9406-232D-48F5-A543-B04351475E98}.Debug|Any CPU.ActiveCfg = Debug|Any CPU
		{DA4F9406-232D-48F5-A543-B04351475E98}.Debug|Any CPU.Build.0 = Debug|Any CPU
		{DA4F9406-232D-48F5-A543-B04351475E98}.Release|Any CPU.ActiveCfg = Release|Any CPU
		{DA4F9406-232D-48F5-A543-B04351475E98}.Release|Any CPU.Build.0 = Release|Any CPU
		{B062A00A-8CC3-4D19-A26A-EA36A14D9273}.Debug|Any CPU.ActiveCfg = Debug|Any CPU
		{B062A00A-8CC3-4D19-A26A-EA36A14D9273}.Debug|Any CPU.Build.0 = Debug|Any CPU
		{B062A00A-8CC3-4D19-A26A-EA36A14D9273}.Release|Any CPU.ActiveCfg = Release|Any CPU
		{B062A00A-8CC3-4D19-A26A-EA36A14D9273}.Release|Any CPU.Build.0 = Release|Any CPU
		{B2B7EE8D-07F1-4E33-81F7-9E07B52BB146}.Debug|Any CPU.ActiveCfg = Debug|Any CPU
		{B2B7EE8D-07F1-4E33-81F7-9E07B52BB146}.Debug|Any CPU.Build.0 = Debug|Any CPU
		{B2B7EE8D-07F1-4E33-81F7-9E07B52BB146}.Release|Any CPU.ActiveCfg = Release|Any CPU
		{B2B7EE8D-07F1-4E33-81F7-9E07B52BB146}.Release|Any CPU.Build.0 = Release|Any CPU
	EndGlobalSection
	GlobalSection(SolutionProperties) = preSolution
		HideSolutionNode = FALSE
	EndGlobalSection
	GlobalSection(ExtensibilityGlobals) = postSolution
		SolutionGuid = {0E6B7F08-24A6-49F8-B1DF-C53D7AC6FBA7}
	EndGlobalSection
EndGlobal
